
Microsoft Visual Studio Solution File, Format Version 12.00
# Visual Studio Version 16
VisualStudioVersion = 16.0.29102.190
MinimumVisualStudioVersion = 10.0.40219.1
Project("{FAE04EC0-301F-11D3-BF4B-00C04F79EFBC}") = "HelloWorldNetCore", "HelloWorldNetCore\HelloWorldNetCore.csproj", "{84524760-7626-46CE-8D77-E324D7B3A005}"
EndProject
Global
	GlobalSection(SolutionConfigurationPlatforms) = preSolution
		Debug|Any CPU = Debug|Any CPU
		Release|Any CPU = Release|Any CPU
	EndGlobalSection
	GlobalSection(ProjectConfigurationPlatforms) = postSolution
		{84524760-7626-46CE-8D77-E324D7B3A005}.Debug|Any CPU.ActiveCfg = Debug|Any CPU
		{84524760-7626-46CE-8D77-E324D7B3A005}.Debug|Any CPU.Build.0 = Debug|Any CPU
		{84524760-7626-46CE-8D77-E324D7B3A005}.Release|Any CPU.ActiveCfg = Release|Any CPU
		{84524760-7626-46CE-8D77-E324D7B3A005}.Release|Any CPU.Build.0 = Release|Any CPU
	EndGlobalSection
	GlobalSection(SolutionProperties) = preSolution
		HideSolutionNode = FALSE
	EndGlobalSection
	GlobalSection(ExtensibilityGlobals) = postSolution
		SolutionGuid = {5EFC4D3B-0AD2-47D7-A288-89EE09395B49}
	EndGlobalSection
EndGlobal
